github.com/markkurossi/crypto v0.0.0-20230320090745-b923f1c5109e h1:zz+aZRtU/rGv4krMq4/UglM/5Wkrv8NcJXJU5MANtUI=
github.com/markkurossi/crypto v0.0.0-20230320090745-b923f1c5109e/go.mod h1:+mhV8wp86RN6GgVyETgAd6oY+D3xLNESWKty2fGNg5U=
github.com/markkurossi/mpc v0.0.0-20240508115602-ad38731da164 h1:Zdg9pXYRcRKzb0iV10xTrD0H+1TlAzNdMdGWu5cWvjs=
github.com/markkurossi/mpc v0.0.0-20240508115602-ad38731da164/go.mod h1:NgtnK7FR1aF9Jupf73U75rNKb5EebbbEMLAFa7uon6A=
github.com/markkurossi/tabulate v0.0.0-20230223130100-d4965869b123 h1:aGg9ACNKrIa6lZ18dNT9ZsFcXga3obyOAl5Tiyx2txE=
github.com/markkurossi/tabulate v0.0.0-20230223130100-d4965869b123/go.mod h1:qPNWLW3h4173ZWYHjOgJ1wbvNyLuE1fboZilv97Aq7k=
golang.org/x/text v0.14.0 h1:ScX5w1eTa3QqT8oi6+ziP7dTV1S2+ALU0bI+0zXKWiQ=
golang.org/x/text v0.14.0/go.mod h1:18ZOQIKpY8NJVqYksKHtTdi31H5itFRjB5/qKTNYzSU=
